%{"comeonin": {:hex, :comeonin, "1.6.0"},
  "decimal": {:hex, :decimal, "1.1.1"},
  "ecto": {:hex, :ecto, "1.1.1"},
  "phoenix": {:hex, :phoenix, "1.0.4"},
  "phoenix_ecto": {:hex, :phoenix_ecto, "1.2.0"},
  "plug": {:hex, :plug, "1.0.3"},
  "poison": {:hex, :poison, "1.5.0"},
  "poolboy": {:hex, :poolboy, "1.5.1"}}
